
Microsoft Visual Studio Solution File, Format Version 10.00
# Visual Studio 2008
Project("{FAE04EC0-301F-11D3-BF4B-00C04F79EFBC}") = "VM", "VM\VM.csproj", "{B64CA0FD-3F02-414D-ACF1-BD1CEED657D4}"
EndProject
Project("{FAE04EC0-301F-11D3-BF4B-00C04F79EFBC}") = "VMILAssembler", "VMILAssembler\VMILAssembler.csproj", "{5F42D3E1-BB7B-48C8-A7B7-156F6ECAB2F3}"
	ProjectSection(ProjectDependencies) = postProject
		{754BB504-F01C-41FF-A835-0DC8B5A4C34F} = {754BB504-F01C-41FF-A835-0DC8B5A4C34F}
	EndProjectSection
EndProject
Project("{FAE04EC0-301F-11D3-BF4B-00C04F79EFBC}") = "FamPoly.Utils", "FamPoly.Utils\FamPoly.Utils.csproj", "{754BB504-F01C-41FF-A835-0DC8B5A4C34F}"
EndProject
Project("{FAE04EC0-301F-11D3-BF4B-00C04F79EFBC}") = "GPPG", "GPPG\GPPG.csproj", "{B05F8095-E88A-4E0A-BA5F-6248FB4064F1}"
EndProject
Project("{FAE04EC0-301F-11D3-BF4B-00C04F79EFBC}") = "Sekhmet", "Sekhmet\Sekhmet.csproj", "{879263E1-25E5-4BE7-B185-FEBA869F0A7F}"
EndProject
Global
	GlobalSection(SolutionConfigurationPlatforms) = preSolution
		Debug|Any CPU = Debug|Any CPU
		Release|Any CPU = Release|Any CPU
	EndGlobalSection
	GlobalSection(ProjectConfigurationPlatforms) = postSolution
		{B64CA0FD-3F02-414D-ACF1-BD1CEED657D4}.Debug|Any CPU.ActiveCfg = Debug|Any CPU
		{B64CA0FD-3F02-414D-ACF1-BD1CEED657D4}.Debug|Any CPU.Build.0 = Debug|Any CPU
		{B64CA0FD-3F02-414D-ACF1-BD1CEED657D4}.Release|Any CPU.ActiveCfg = Release|Any CPU
		{B64CA0FD-3F02-414D-ACF1-BD1CEED657D4}.Release|Any CPU.Build.0 = Release|Any CPU
		{5F42D3E1-BB7B-48C8-A7B7-156F6ECAB2F3}.Debug|Any CPU.ActiveCfg = Debug|Any CPU
		{5F42D3E1-BB7B-48C8-A7B7-156F6ECAB2F3}.Debug|Any CPU.Build.0 = Debug|Any CPU
		{5F42D3E1-BB7B-48C8-A7B7-156F6ECAB2F3}.Release|Any CPU.ActiveCfg = Release|Any CPU
		{5F42D3E1-BB7B-48C8-A7B7-156F6ECAB2F3}.Release|Any CPU.Build.0 = Release|Any CPU
		{754BB504-F01C-41FF-A835-0DC8B5A4C34F}.Debug|Any CPU.ActiveCfg = Debug|Any CPU
		{754BB504-F01C-41FF-A835-0DC8B5A4C34F}.Debug|Any CPU.Build.0 = Debug|Any CPU
		{754BB504-F01C-41FF-A835-0DC8B5A4C34F}.Release|Any CPU.ActiveCfg = Release|Any CPU
		{754BB504-F01C-41FF-A835-0DC8B5A4C34F}.Release|Any CPU.Build.0 = Release|Any CPU
		{B05F8095-E88A-4E0A-BA5F-6248FB4064F1}.Debug|Any CPU.ActiveCfg = Debug|Any CPU
		{B05F8095-E88A-4E0A-BA5F-6248FB4064F1}.Debug|Any CPU.Build.0 = Debug|Any CPU
		{B05F8095-E88A-4E0A-BA5F-6248FB4064F1}.Release|Any CPU.ActiveCfg = Release|Any CPU
		{B05F8095-E88A-4E0A-BA5F-6248FB4064F1}.Release|Any CPU.Build.0 = Release|Any CPU
		{879263E1-25E5-4BE7-B185-FEBA869F0A7F}.Debug|Any CPU.ActiveCfg = Debug|Any CPU
		{879263E1-25E5-4BE7-B185-FEBA869F0A7F}.Debug|Any CPU.Build.0 = Debug|Any CPU
		{879263E1-25E5-4BE7-B185-FEBA869F0A7F}.Release|Any CPU.ActiveCfg = Release|Any CPU
		{879263E1-25E5-4BE7-B185-FEBA869F0A7F}.Release|Any CPU.Build.0 = Release|Any CPU
	EndGlobalSection
	GlobalSection(SolutionProperties) = preSolution
		HideSolutionNode = FALSE
	EndGlobalSection
EndGlobal
